
Microsoft Visual Studio Solution File, Format Version 12.00
# Visual Studio Version 16
VisualStudioVersion = 16.0.30204.135
MinimumVisualStudioVersion = 10.0.40219.1
Project("{FAE04EC0-301F-11D3-BF4B-00C04F79EFBC}") = "PuzzleTag", "src\PuzzleTag.csproj", "{2720093E-A02F-464D-9878-7C92D1640E79}"
EndProject
Global
	GlobalSection(SolutionConfigurationPlatforms) = preSolution
		Debug|Any CPU = Debug|Any CPU
		Release|Any CPU = Release|Any CPU
	EndGlobalSection
	GlobalSection(ProjectConfigurationPlatforms) = postSolution
		{2720093E-A02F-464D-9878-7C92D1640E79}.Debug|Any CPU.ActiveCfg = Debug|Any CPU
		{2720093E-A02F-464D-9878-7C92D1640E79}.Debug|Any CPU.Build.0 = Debug|Any CPU
		{2720093E-A02F-464D-9878-7C92D1640E79}.Release|Any CPU.ActiveCfg = Release|Any CPU
		{2720093E-A02F-464D-9878-7C92D1640E79}.Release|Any CPU.Build.0 = Release|Any CPU
	EndGlobalSection
	GlobalSection(SolutionProperties) = preSolution
		HideSolutionNode = FALSE
	EndGlobalSection
	GlobalSection(ExtensibilityGlobals) = postSolution
		SolutionGuid = {9D87FA54-A0E4-45E0-8205-576C2671DE10}
	EndGlobalSection
EndGlobal
